// !$*UTF8*$!
{
	archiveVersion = 1;
	classes = {
	};
	objectVersion = 46;
	objects = {

/* Begin PBXBuildFile section */
		3F17775D1ECCD95200B8D888 /* AppDelegate.swift in Sources */ = {isa = PBXBuildFile; fileRef = 3F17775C1ECCD95200B8D888 /* AppDelegate.swift */; };
		3F17775F1ECCD95200B8D888 /* ViewController.swift in Sources */ = {isa = PBXBuildFile; fileRef = 3F17775E1ECCD95200B8D888 /* ViewController.swift */; };
		3F1777621ECCD95200B8D888 /* Main.storyboard in Resources */ = {isa = PBXBuildFile; fileRef = 3F1777601ECCD95200B8D888 /* Main.storyboard */; };
		3F1777641ECCD95200B8D888 /* Assets.xcassets in Resources */ = {isa = PBXBuildFile; fileRef = 3F1777631ECCD95200B8D888 /* Assets.xcassets */; };
		3F1777671ECCD95200B8D888 /* LaunchScreen.storyboard in Resources */ = {isa = PBXBuildFile; fileRef = 3F1777651ECCD95200B8D888 /* LaunchScreen.storyboard */; };
/* End PBXBuildFile section */

/* Begin PBXFileReference section */
		3F1777591ECCD95200B8D888 /* HW2YABoii.app */ = {isa = PBXFileReference; explicitFileType = wrapper.application; includeInIndex = 0; path = HW2YABoii.app; sourceTree = BUILT_PRODUCTS_DIR; };
		3F17775C1ECCD95200B8D888 /* AppDelegate.swift */ = {isa = PBXFileReference; lastKnownFileType = sourcecode.swift; path = AppDelegate.swift; sourceTree = "<group>"; };
		3F17775E1ECCD95200B8D888 /* ViewController.swift */ = {isa = PBXFileReference; lastKnownFileType = sourcecode.swift; path = ViewController.swift; sourceTree = "<group>"; };
		3F1777611ECCD95200B8D888 /* Base */ = {isa = PBXFileReference; lastKnownFileType = file.storyboard; name = Base; path = Base.lproj/Main.storyboard; sourceTree = "<group>"; };
		3F1777631ECCD95200B8D888 /* Assets.xcassets */ = {isa = PBXFileReference; lastKnownFileType = folder.assetcatalog; path = Assets.xcassets; sourceTree = "<group>"; };
		3F1777661ECCD95200B8D888 /* Base */ = {isa = PBXFileReference; lastKnownFileType = file.storyboard; name = Base; path = Base.lproj/LaunchScreen.storyboard; sourceTree = "<group>"; };
		3F1777681ECCD95200B8D888 /* Info.plist */ = {isa = PBXFileReference; lastKnownFileType = text.plist.xml; path = Info.plist; sourceTree = "<group>"; };
/* End PBXFileReference section */

/* Begin PBXFrameworksBuildPhase section */
		3F1777561ECCD95200B8D888 /* Frameworks */ = {
			isa = PBXFrameworksBuildPhase;
			buildActionMask = 2147483647;
			files = (
			);
			runOnlyForDeploymentPostprocessing = 0;
		};
/* End PBXFrameworksBuildPhase section */

/* Begin PBXGroup section */
		3F1777501ECCD95200B8D888 = {
			isa = PBXGroup;
			children = (
				3F17775B1ECCD95200B8D888 /* HW2YABoii */,
				3F17775A1ECCD95200B8D888 /* Products */,
			);
			sourceTree = "<group>";
		};
		3F17775A1ECCD95200B8D888 /* Products */ = {
			isa = PBXGroup;
			children = (
				3F1777591ECCD95200B8D888 /* HW2YABoii.app */,
			);
			name = Products;
			sourceTree = "<group>";
		};
		3F17775B1ECCD95200B8D888 /* HW2YABoii */ = {
			isa = PBXGroup;
			children = (
				3F17775C1ECCD95200B8D888 /* AppDelegate.swift */,
				3F17775E1ECCD95200B8D888 /* ViewController.swift */,
				3F1777601ECCD95200B8D888 /* Main.storyboard */,
				3F1777631ECCD95200B8D888 /* Assets.xcassets */,
				3F1777651ECCD95200B8D888 /* LaunchScreen.storyboard */,
				3F1777681ECCD95200B8D888 /* Info.plist */,
			);
			path = HW2YABoii;
			sourceTree = "<group>";
		};
/* End PBXGroup section */

/* Begin PBXNativeTarget section */
		3F1777581ECCD95200B8D888 /* HW2YABoii */ = {
			isa = PBXNativeTarget;
			buildConfigurationList = 3F17776B1ECCD95200B8D888 /* Build configuration list for PBXNativeTarget "HW2YABoii" */;
			buildPhases = (
				3F1777551ECCD95200B8D888 /* Sources */,
				3F1777561ECCD95200B8D888 /* Frameworks */,
				3F1777571ECCD95200B8D888 /* Resources */,
			);
			buildRules = (
			);
			dependencies = (
			);
			name = HW2YABoii;
			productName = HW2YABoii;
			productReference = 3F1777591ECCD95200B8D888 /* HW2YABoii.app */;
			productType = "com.apple.product-type.application";
		};
/* End PBXNativeTarget section */

/* Begin PBXProject section */
		3F1777511ECCD95200B8D888 /* Project object */ = {
			isa = PBXProject;
			attributes = {
				LastSwiftUpdateCheck = 0830;
				LastUpgradeCheck = 0830;
				ORGANIZATIONNAME = Student;
				TargetAttributes = {
					3F1777581ECCD95200B8D888 = {
						CreatedOnToolsVersion = 8.3.2;
						ProvisioningStyle = Automatic;
					};
				};
			};
			buildConfigurationList = 3F1777541ECCD95200B8D888 /* Build configuration list for PBXProject "HW2YABoii" */;
			compatibilityVersion = "Xcode 3.2";
			developmentRegion = English;
			hasScannedForEncodings = 0;
			knownRegions = (
				en,
				Base,
			);
			mainGroup = 3F1777501ECCD95200B8D888;
			productRefGroup = 3F17775A1ECCD95200B8D888 /* Products */;
			projectDirPath = "";
			projectRoot = "";
			targets = (
				3F1777581ECCD95200B8D888 /* HW2YABoii */,
			);
		};
/* End PBXProject section */

/* Begin PBXResourcesBuildPhase section */
		3F1777571ECCD95200B8D888 /* Resources */ = {
			isa = PBXResourcesBuildPhase;
			buildActionMask = 2147483647;
			files = (
				3F1777671ECCD95200B8D888 /* LaunchScreen.storyboard in Resources */,
				3F1777641ECCD95200B8D888 /* Assets.xcassets in Resources */,
				3F1777621ECCD95200B8D888 /* Main.storyboard in Resources */,
			);
			runOnlyForDeploymentPostprocessing = 0;
		};
/* End PBXResourcesBuildPhase section */

/* Begin PBXSourcesBuildPhase section */
		3F1777551ECCD95200B8D888 /* Sources */ = {
			isa = PBXSourcesBuildPhase;
			buildActionMask = 2147483647;
			files = (
				3F17775F1ECCD95200B8D888 /* ViewController.swift in Sources */,
				3F17775D1ECCD95200B8D888 /* AppDelegate.swift in Sources */,
			);
			runOnlyForDeploymentPostprocessing = 0;
		};
/* End PBXSourcesBuildPhase section */

/* Begin PBXVariantGroup section */
		3F1777601ECCD95200B8D888 /* Main.storyboard */ = {
			isa = PBXVariantGroup;
			children = (
				3F1777611ECCD95200B8D888 /* Base */,
			);
			name = Main.storyboard;
			sourceTree = "<group>";
		};
		3F1777651ECCD95200B8D888 /* LaunchScreen.storyboard */ = {
			isa = PBXVariantGroup;
			children = (
				3F1777661ECCD95200B8D888 /* Base */,
			);
			name = LaunchScreen.storyboard;
			sourceTree = "<group>";
		};
/* End PBXVariantGroup section */

/* Begin XCBuildConfiguration section */
		3F1777691ECCD95200B8D888 /* Debug */ = {
			isa = XCBuildConfiguration;
			buildSettings = {
				ALWAYS_SEARCH_USER_PATHS = NO;
				CLANG_ANALYZER_NONNULL = YES;
				CLANG_ANALYZER_NUMBER_OBJECT_CONVERSION = YES_AGGRESSIVE;
				CLANG_CXX_LANGUAGE_STANDARD = "gnu++0x";
				CLANG_CXX_LIBRARY = "libc++";
				CLANG_ENABLE_MODULES = YES;
				CLANG_ENABLE_OBJC_ARC = YES;
				CLANG_WARN_BOOL_CONVERSION = YES;
				CLANG_WARN_CONSTANT_CONVERSION = YES;
				CLANG_WARN_DIRECT_OBJC_ISA_USAGE = YES_ERROR;
				CLANG_WARN_DOCUMENTATION_COMMENTS = YES;
				CLANG_WARN_EMPTY_BODY = YES;
				CLANG_WARN_ENUM_CONVERSION = YES;
				CLANG_WARN_INFINITE_RECURSION = YES;
				CLANG_WARN_INT_CONVERSION = YES;
				CLANG_WARN_OBJC_ROOT_CLASS = YES_ERROR;
				CLANG_WARN_SUSPICIOUS_MOVE = YES;
				CLANG_WARN_UNREACHABLE_CODE = YES;
				CLANG_WARN__DUPLICATE_METHOD_MATCH = YES;
				"CODE_SIGN_IDENTITY[sdk=iphoneos*]" = "iPhone Developer";
				COPY_PHASE_STRIP = NO;
				DEBUG_INFORMATION_FORMAT = dwarf;
				ENABLE_STRICT_OBJC_MSGSEND = YES;
				ENABLE_TESTABILITY = YES;
				GCC_C_LANGUAGE_STANDARD = gnu99;
				GCC_DYNAMIC_NO_PIC = NO;
				GCC_NO_COMMON_BLOCKS = YES;
				GCC_OPTIMIZATION_LEVEL = 0;
				GCC_PREPROCESSOR_DEFINITIONS = (
					"DEBUG=1",
					"$(inherited)",
				);
				GCC_WARN_64_TO_32_BIT_CONVERSION = YES;
				GCC_WARN_ABOUT_RETURN_TYPE = YES_ERROR;
				GCC_WARN_UNDECLARED_SELECTOR = YES;
				GCC_WARN_UNINITIALIZED_AUTOS = YES_AGGRESSIVE;
				GCC_WARN_UNUSED_FUNCTION = YES;
				GCC_WARN_UNUSED_VARIABLE = YES;
				IPHONEOS_DEPLOYMENT_TARGET = 10.3;
				MTL_ENABLE_DEBUG_INFO = YES;
				ONLY_ACTIVE_ARCH = YES;
				SDKROOT = iphoneos;
				SWIFT_ACTIVE_COMPILATION_CONDITIONS = DEBUG;
				SWIFT_OPTIMIZATION_LEVEL = "-Onone";
				TARGETED_DEVICE_FAMILY = "1,2";
			};
			name = Debug;
		};
		3F17776A1ECCD95200B8D888 /* Release */ = {
			isa = XCBuildConfiguration;
			buildSettings = {
				ALWAYS_SEARCH_USER_PATHS = NO;
				CLANG_ANALYZER_NONNULL = YES;
				CLANG_ANALYZER_NUMBER_OBJECT_CONVERSION = YES_AGGRESSIVE;
				CLANG_CXX_LANGUAGE_STANDARD = "gnu++0x";
				CLANG_CXX_LIBRARY = "libc++";
				CLANG_ENABLE_MODULES = YES;
				CLANG_ENABLE_OBJC_ARC = YES;
				CLANG_WARN_BOOL_CONVERSION = YES;
				CLANG_WARN_CONSTANT_CONVERSION = YES;
				CLANG_WARN_DIRECT_OBJC_ISA_USAGE = YES_ERROR;
				CLANG_WARN_DOCUMENTATION_COMMENTS = YES;
				CLANG_WARN_EMPTY_BODY = YES;
				CLANG_WARN_ENUM_CONVERSION = YES;
				CLANG_WARN_INFINITE_RECURSION = YES;
				CLANG_WARN_INT_CONVERSION = YES;
				CLANG_WARN_OBJC_ROOT_CLASS = YES_ERROR;
				CLANG_WARN_SUSPICIOUS_MOVE = YES;
				CLANG_WARN_UNREACHABLE_CODE = YES;
				CLANG_WARN__DUPLICATE_METHOD_MATCH = YES;
				"CODE_SIGN_IDENTITY[sdk=iphoneos*]" = "iPhone Developer";
				COPY_PHASE_STRIP = NO;
				DEBUG_INFORMATION_FORMAT = "dwarf-with-dsym";
				ENABLE_NS_ASSERTIONS = NO;
				ENABLE_STRICT_OBJC_MSGSEND = YES;
				GCC_C_LANGUAGE_STANDARD = gnu99;
				GCC_NO_COMMON_BLOCKS = YES;
				GCC_WARN_64_TO_32_BIT_CONVERSION = YES;
				GCC_WARN_ABOUT_RETURN_TYPE = YES_ERROR;
				GCC_WARN_UNDECLARED_SELECTOR = YES;
				GCC_WARN_UNINITIALIZED_AUTOS = YES_AGGRESSIVE;
				GCC_WARN_UNUSED_FUNCTION = YES;
				GCC_WARN_UNUSED_VARIABLE = YES;
				IPHONEOS_DEPLOYMENT_TARGET = 10.3;
				MTL_ENABLE_DEBUG_INFO = NO;
				SDKROOT = iphoneos;
				SWIFT_OPTIMIZATION_LEVEL = "-Owholemodule";
				TARGETED_DEVICE_FAMILY = "1,2";
				VALIDATE_PRODUCT = YES;
			};
			name = Release;
		};
		3F17776C1ECCD95200B8D888 /* Debug */ = {
			isa = XCBuildConfiguration;
			buildSettings = {
				ASSETCATALOG_COMPILER_APPICON_NAME = AppIcon;
				INFOPLIST_FILE = HW2YABoii/Info.plist;
				LD_RUNPATH_SEARCH_PATHS = "$(inherited) @executable_path/Frameworks";
				PRODUCT_BUNDLE_IDENTIFIER = memes.HW2YABoii;
				PRODUCT_NAME = "$(TARGET_NAME)";
				SWIFT_VERSION = 3.0;
			};
			name = Debug;
		};
		3F17776D1ECCD95200B8D888 /* Release */ = {
			isa = XCBuildConfiguration;
			buildSettings = {
				ASSETCATALOG_COMPILER_APPICON_NAME = AppIcon;
				INFOPLIST_FILE = HW2YABoii/Info.plist;
				LD_RUNPATH_SEARCH_PATHS = "$(inherited) @executable_path/Frameworks";
				PRODUCT_BUNDLE_IDENTIFIER = memes.HW2YABoii;
				PRODUCT_NAME = "$(TARGET_NAME)";
				SWIFT_VERSION = 3.0;
			};
			name = Release;
		};
/* End XCBuildConfiguration section */

/* Begin XCConfigurationList section */
		3F1777541ECCD95200B8D888 /* Build configuration list for PBXProject "HW2YABoii" */ = {
			isa = XCConfigurationList;
			buildConfigurations = (
				3F1777691ECCD95200B8D888 /* Debug */,
				3F17776A1ECCD95200B8D888 /* Release */,
			);
			defaultConfigurationIsVisible = 0;
			defaultConfigurationName = Release;
		};
		3F17776B1ECCD95200B8D888 /* Build configuration list for PBXNativeTarget "HW2YABoii" */ = {
			isa = XCConfigurationList;
			buildConfigurations = (
				3F17776C1ECCD95200B8D888 /* Debug */,
				3F17776D1ECCD95200B8D888 /* Release */,
			);
			defaultConfigurationIsVisible = 0;
		};
/* End XCConfigurationList section */
	};
	rootObject = 3F1777511ECCD95200B8D888 /* Project object */;
}
